
Microsoft Visual Studio Solution File, Format Version 12.00
# Visual Studio Version 16
VisualStudioVersion = 25.0.1706.14
MinimumVisualStudioVersion = 10.0.40219.1
Project("{FAE04EC0-301F-11D3-BF4B-00C04F79EFBC}") = "Week3", "Week3\Week3.csproj", "{69DFDCB1-B18E-4389-8374-BCB6832EC3C3}"
EndProject
Project("{FAE04EC0-301F-11D3-BF4B-00C04F79EFBC}") = "DayoftheWeek", "DayoftheWeek\DayoftheWeek.csproj", "{10948F9A-ED1C-46F5-81FF-2309816E27F7}"
EndProject
Project("{FAE04EC0-301F-11D3-BF4B-00C04F79EFBC}") = "SwtichDayoftheWeek", "SwtichDayoftheWeek\SwtichDayoftheWeek.csproj", "{0481AB91-F15B-49C7-AB8A-357DC14ED1DC}"
EndProject
Global
	GlobalSection(SolutionConfigurationPlatforms) = preSolution
		Debug|Any CPU = Debug|Any CPU
		Release|Any CPU = Release|Any CPU
	EndGlobalSection
	GlobalSection(ProjectConfigurationPlatforms) = postSolution
		{69DFDCB1-B18E-4389-8374-BCB6832EC3C3}.Debug|Any CPU.ActiveCfg = Debug|Any CPU
		{69DFDCB1-B18E-4389-8374-BCB6832EC3C3}.Debug|Any CPU.Build.0 = Debug|Any CPU
		{69DFDCB1-B18E-4389-8374-BCB6832EC3C3}.Release|Any CPU.ActiveCfg = Release|Any CPU
		{69DFDCB1-B18E-4389-8374-BCB6832EC3C3}.Release|Any CPU.Build.0 = Release|Any CPU
		{10948F9A-ED1C-46F5-81FF-2309816E27F7}.Debug|Any CPU.ActiveCfg = Debug|Any CPU
		{10948F9A-ED1C-46F5-81FF-2309816E27F7}.Debug|Any CPU.Build.0 = Debug|Any CPU
		{10948F9A-ED1C-46F5-81FF-2309816E27F7}.Release|Any CPU.ActiveCfg = Release|Any CPU
		{10948F9A-ED1C-46F5-81FF-2309816E27F7}.Release|Any CPU.Build.0 = Release|Any CPU
		{0481AB91-F15B-49C7-AB8A-357DC14ED1DC}.Debug|Any CPU.ActiveCfg = Debug|Any CPU
		{0481AB91-F15B-49C7-AB8A-357DC14ED1DC}.Debug|Any CPU.Build.0 = Debug|Any CPU
		{0481AB91-F15B-49C7-AB8A-357DC14ED1DC}.Release|Any CPU.ActiveCfg = Release|Any CPU
		{0481AB91-F15B-49C7-AB8A-357DC14ED1DC}.Release|Any CPU.Build.0 = Release|Any CPU
	EndGlobalSection
	GlobalSection(SolutionProperties) = preSolution
		HideSolutionNode = FALSE
	EndGlobalSection
	GlobalSection(ExtensibilityGlobals) = postSolution
		SolutionGuid = {F5081BB6-C106-403A-A0F7-C25EAD50C620}
	EndGlobalSection
EndGlobal
